{
  "name": "selenium-ide-extension",
  "version": "1.0.1",
  "lockfileVersion": 1,
  "requires": true,
  "dependencies": {
    "@ant-design/css-animation": {
      "version": "1.7.2",
      "resolved": "https://registry.npm.taobao.org/@ant-design/css-animation/download/@ant-design/css-animation-1.7.2.tgz",
      "integrity": "sha1-TuXS7A+3zAp4tE4cgmKL1GIax+M="
    },
    "@seleniumhq/code-export": {
      "version": "3.17.0",
      "resolved": "https://registry.npm.taobao.org/@seleniumhq/code-export/download/@seleniumhq/code-export-3.17.0.tgz",
      "integrity": "sha1-kY0quzJnLo6b2EIWD3xjpO4x06Y=",
      "requires": {
        "@seleniumhq/code-export-csharp-nunit": "^3.17.0",
        "@seleniumhq/code-export-csharp-xunit": "^3.17.0",
        "@seleniumhq/code-export-java-junit": "^3.17.0",
        "@seleniumhq/code-export-javascript-mocha": "^3.17.0",
        "@seleniumhq/code-export-python-pytest": "^3.17.0",
        "@seleniumhq/code-export-ruby-rspec": "^3.17.0"
      }
    },
    "@seleniumhq/code-export-csharp-commons": {
      "version": "3.17.0",
      "resolved": "https://registry.npmjs.org/@seleniumhq/code-export-csharp-commons/-/code-export-csharp-commons-3.17.0.tgz",
      "integrity": "sha512-IKwt/LfvF4DaD7hdT9pHBKVOs5ahgOjVvWxqiWPf/vPa/V1xnTDJn008eylYNWhW6/0eWqS+KiH8G2W76/NXBw=="
    },
    "@seleniumhq/code-export-csharp-nunit": {
      "version": "3.17.0",
      "resolved": "https://registry.npmjs.org/@seleniumhq/code-export-csharp-nunit/-/code-export-csharp-nunit-3.17.0.tgz",
      "integrity": "sha512-bn2pL0lPjQhop9cneiGvPD4lxWv4lojkqniok18ee6R7O+94SNKKFVt3mFIGQi5SQpcjpN/iR8p3q8Tdc2U9FA==",
      "requires": {
        "@seleniumhq/code-export-csharp-commons": "^3.17.0",
        "@seleniumhq/side-utils": "^3.17.0"
      },
      "dependencies": {
        "@seleniumhq/side-model": {
          "version": "3.17.0",
          "resolved": "https://registry.npmjs.org/@seleniumhq/side-model/-/side-model-3.17.0.tgz",
          "integrity": "sha512-70BMsF8j/+GzsrGhRDO4KLuHQoyg+vapYZCY9z7O0jFtN3KvxG4Tr97dKmMSu9Tx/Z1zHjxEisicLGvC1hnjSw=="
        },
        "@seleniumhq/side-utils": {
          "version": "3.17.0",
          "resolved": "https://registry.npmjs.org/@seleniumhq/side-utils/-/side-utils-3.17.0.tgz",
          "integrity": "sha512-R2BsfIfx8URlFVv6JFNmYvjBvmi0M6spvTn19G3a68bpGjPWaXKi3ZWWV38TKxDQF7L5wfv75zMM1JOGNnHHuA==",
          "requires": {
            "@seleniumhq/side-model": "^3.17.0",
            "ua-parser-js": "^0.7.17"
          }
        },
        "ua-parser-js": {
          "version": "0.7.21",
          "resolved": "https://registry.npmjs.org/ua-parser-js/-/ua-parser-js-0.7.21.tgz",
          "integrity": "sha512-+O8/qh/Qj8CgC6eYBVBykMrNtp5Gebn4dlGD/kKXVkJNDwyrAwSIqwz8CDf+tsAIWVycKcku6gIXJ0qwx/ZXaQ=="
        }
      }
    },
    "@seleniumhq/code-export-csharp-xunit": {
      "version": "3.17.0",
      "resolved": "https://registry.npmjs.org/@seleniumhq/code-export-csharp-xunit/-/code-export-csharp-xunit-3.17.0.tgz",
      "integrity": "sha512-7sWJPjjWNn03nD0QjkbVHpm+qBXyZIrol08/9dzoet3I0R0JCWqu6crAVladEx/Br7BR1yTB/vcpo0nmC4WyyA==",
      "requires": {
        "@seleniumhq/code-export-csharp-commons": "^3.17.0",
        "@seleniumhq/side-utils": "^3.17.0"
      },
      "dependencies": {
        "@seleniumhq/side-model": {
          "version": "3.17.0",
          "resolved": "https://registry.npmjs.org/@seleniumhq/side-model/-/side-model-3.17.0.tgz",
          "integrity": "sha512-70BMsF8j/+GzsrGhRDO4KLuHQoyg+vapYZCY9z7O0jFtN3KvxG4Tr97dKmMSu9Tx/Z1zHjxEisicLGvC1hnjSw=="
        },
        "@seleniumhq/side-utils": {
          "version": "3.17.0",
          "resolved": "https://registry.npmjs.org/@seleniumhq/side-utils/-/side-utils-3.17.0.tgz",
          "integrity": "sha512-R2BsfIfx8URlFVv6JFNmYvjBvmi0M6spvTn19G3a68bpGjPWaXKi3ZWWV38TKxDQF7L5wfv75zMM1JOGNnHHuA==",
          "requires": {
            "@seleniumhq/side-model": "^3.17.0",
            "ua-parser-js": "^0.7.17"
          }
        },
        "ua-parser-js": {
          "version": "0.7.21",
          "resolved": "https://registry.npmjs.org/ua-parser-js/-/ua-parser-js-0.7.21.tgz",
          "integrity": "sha512-+O8/qh/Qj8CgC6eYBVBykMrNtp5Gebn4dlGD/kKXVkJNDwyrAwSIqwz8CDf+tsAIWVycKcku6gIXJ0qwx/ZXaQ=="
        }
      }
    },
    "@seleniumhq/code-export-java-junit": {
      "version": "3.17.0",
      "resolved": "https://registry.npmjs.org/@seleniumhq/code-export-java-junit/-/code-export-java-junit-3.17.0.tgz",
      "integrity": "sha512-KN5hiD8mcUxTs0CHmELJi4PXYMfrSWRLFWPxVOgZb1pg2i/CXme7yKyKAxm12tl0hKN6eu/U7Zp9roe/87/Ijg==",
      "requires": {
        "@seleniumhq/side-utils": "^3.17.0"
      },
      "dependencies": {
        "@seleniumhq/side-model": {
          "version": "3.17.0",
          "resolved": "https://registry.npmjs.org/@seleniumhq/side-model/-/side-model-3.17.0.tgz",
          "integrity": "sha512-70BMsF8j/+GzsrGhRDO4KLuHQoyg+vapYZCY9z7O0jFtN3KvxG4Tr97dKmMSu9Tx/Z1zHjxEisicLGvC1hnjSw=="
        },
        "@seleniumhq/side-utils": {
          "version": "3.17.0",
          "resolved": "https://registry.npmjs.org/@seleniumhq/side-utils/-/side-utils-3.17.0.tgz",
          "integrity": "sha512-R2BsfIfx8URlFVv6JFNmYvjBvmi0M6spvTn19G3a68bpGjPWaXKi3ZWWV38TKxDQF7L5wfv75zMM1JOGNnHHuA==",
          "requires": {
            "@seleniumhq/side-model": "^3.17.0",
            "ua-parser-js": "^0.7.17"
          }
        },
        "ua-parser-js": {
          "version": "0.7.21",
          "resolved": "https://registry.npmjs.org/ua-parser-js/-/ua-parser-js-0.7.21.tgz",
          "integrity": "sha512-+O8/qh/Qj8CgC6eYBVBykMrNtp5Gebn4dlGD/kKXVkJNDwyrAwSIqwz8CDf+tsAIWVycKcku6gIXJ0qwx/ZXaQ=="
        }
      }
    },
    "@seleniumhq/code-export-javascript-mocha": {
      "version": "3.17.0",
      "resolved": "https://registry.npmjs.org/@seleniumhq/code-export-javascript-mocha/-/code-export-javascript-mocha-3.17.0.tgz",
      "integrity": "sha512-Fm/7Xp8Zlj88ZPrUIUp++BdYpHukLy/czRO5bVoMzFDHiFXf1Zu+trF7a6vqcnqpOUidbv879+exDDH/8eaNXQ==",
      "requires": {
        "@seleniumhq/side-utils": "^3.17.0"
      },
      "dependencies": {
        "@seleniumhq/side-model": {
          "version": "3.17.0",
          "resolved": "https://registry.npmjs.org/@seleniumhq/side-model/-/side-model-3.17.0.tgz",
          "integrity": "sha512-70BMsF8j/+GzsrGhRDO4KLuHQoyg+vapYZCY9z7O0jFtN3KvxG4Tr97dKmMSu9Tx/Z1zHjxEisicLGvC1hnjSw=="
        },
        "@seleniumhq/side-utils": {
          "version": "3.17.0",
          "resolved": "https://registry.npmjs.org/@seleniumhq/side-utils/-/side-utils-3.17.0.tgz",
          "integrity": "sha512-R2BsfIfx8URlFVv6JFNmYvjBvmi0M6spvTn19G3a68bpGjPWaXKi3ZWWV38TKxDQF7L5wfv75zMM1JOGNnHHuA==",
          "requires": {
            "@seleniumhq/side-model": "^3.17.0",
            "ua-parser-js": "^0.7.17"
          }
        },
        "ua-parser-js": {
          "version": "0.7.21",
          "resolved": "https://registry.npmjs.org/ua-parser-js/-/ua-parser-js-0.7.21.tgz",
          "integrity": "sha512-+O8/qh/Qj8CgC6eYBVBykMrNtp5Gebn4dlGD/kKXVkJNDwyrAwSIqwz8CDf+tsAIWVycKcku6gIXJ0qwx/ZXaQ=="
        }
      }
    },
    "@seleniumhq/code-export-python-pytest": {
      "version": "3.17.0",
      "resolved": "https://registry.npmjs.org/@seleniumhq/code-export-python-pytest/-/code-export-python-pytest-3.17.0.tgz",
      "integrity": "sha512-tNDTwjs3G53bG9jk2psRI7xesW0CVz+40tdm4SMrfVHcNbe3KCV5QzAZsc5MElmntfLjzLNXWK5Rb4d3qa6c6Q==",
      "requires": {
        "@seleniumhq/side-utils": "^3.17.0"
      },
      "dependencies": {
        "@seleniumhq/side-model": {
          "version": "3.17.0",
          "resolved": "https://registry.npmjs.org/@seleniumhq/side-model/-/side-model-3.17.0.tgz",
          "integrity": "sha512-70BMsF8j/+GzsrGhRDO4KLuHQoyg+vapYZCY9z7O0jFtN3KvxG4Tr97dKmMSu9Tx/Z1zHjxEisicLGvC1hnjSw=="
        },
        "@seleniumhq/side-utils": {
          "version": "3.17.0",
          "resolved": "https://registry.npmjs.org/@seleniumhq/side-utils/-/side-utils-3.17.0.tgz",
          "integrity": "sha512-R2BsfIfx8URlFVv6JFNmYvjBvmi0M6spvTn19G3a68bpGjPWaXKi3ZWWV38TKxDQF7L5wfv75zMM1JOGNnHHuA==",
          "requires": {
            "@seleniumhq/side-model": "^3.17.0",
            "ua-parser-js": "^0.7.17"
          }
        },
        "ua-parser-js": {
          "version": "0.7.21",
          "resolved": "https://registry.npmjs.org/ua-parser-js/-/ua-parser-js-0.7.21.tgz",
          "integrity": "sha512-+O8/qh/Qj8CgC6eYBVBykMrNtp5Gebn4dlGD/kKXVkJNDwyrAwSIqwz8CDf+tsAIWVycKcku6gIXJ0qwx/ZXaQ=="
        }
      }
    },
    "@seleniumhq/code-export-ruby-rspec": {
      "version": "3.17.0",
      "resolved": "https://registry.npmjs.org/@seleniumhq/code-export-ruby-rspec/-/code-export-ruby-rspec-3.17.0.tgz",
      "integrity": "sha512-xj38+z9wnI3WY7qMGHGGK5sDwHw1jzYBJGe/yRXDmx7zqqlwcCPzUG4/oHPB2KFcqBnbbxME5NUOrBqM3OKy0A==",
      "requires": {
        "@seleniumhq/side-utils": "^3.17.0"
      },
      "dependencies": {
        "@seleniumhq/side-model": {
          "version": "3.17.0",
          "resolved": "https://registry.npmjs.org/@seleniumhq/side-model/-/side-model-3.17.0.tgz",
          "integrity": "sha512-70BMsF8j/+GzsrGhRDO4KLuHQoyg+vapYZCY9z7O0jFtN3KvxG4Tr97dKmMSu9Tx/Z1zHjxEisicLGvC1hnjSw=="
        },
        "@seleniumhq/side-utils": {
          "version": "3.17.0",
          "resolved": "https://registry.npmjs.org/@seleniumhq/side-utils/-/side-utils-3.17.0.tgz",
          "integrity": "sha512-R2BsfIfx8URlFVv6JFNmYvjBvmi0M6spvTn19G3a68bpGjPWaXKi3ZWWV38TKxDQF7L5wfv75zMM1JOGNnHHuA==",
          "requires": {
            "@seleniumhq/side-model": "^3.17.0",
            "ua-parser-js": "^0.7.17"
          }
        },
        "ua-parser-js": {
          "version": "0.7.21",
          "resolved": "https://registry.npmjs.org/ua-parser-js/-/ua-parser-js-0.7.21.tgz",
          "integrity": "sha512-+O8/qh/Qj8CgC6eYBVBykMrNtp5Gebn4dlGD/kKXVkJNDwyrAwSIqwz8CDf+tsAIWVycKcku6gIXJ0qwx/ZXaQ=="
        }
      }
    },
    "add-dom-event-listener": {
      "version": "1.1.0",
      "resolved": "https://registry.npm.taobao.org/add-dom-event-listener/download/add-dom-event-listener-1.1.0.tgz",
      "integrity": "sha1-apLbOg3Qq8JU4JXA8dwUrLuq4xA=",
      "requires": {
        "object-assign": "4.x"
      }
    },
    "eve-raphael": {
      "version": "0.5.0",
      "resolved": "https://registry.npmjs.org/eve-raphael/-/eve-raphael-0.5.0.tgz",
      "integrity": "sha1-F8dUt5K+7z+maE15z1pHxjxM2jA="
    },
    "js-tokens": {
      "version": "4.0.0",
      "resolved": "https://registry.npm.taobao.org/js-tokens/download/js-tokens-4.0.0.tgz",
      "integrity": "sha1-GSA/tZmR35jjoocFDUZHzerzJJk="
    },
    "loose-envify": {
      "version": "1.4.0",
      "resolved": "https://registry.npm.taobao.org/loose-envify/download/loose-envify-1.4.0.tgz",
      "integrity": "sha1-ce5R+nvkyuwaY4OffmgtgTLTDK8=",
      "requires": {
        "js-tokens": "^3.0.0 || ^4.0.0"
      }
    },
    "object-assign": {
      "version": "4.1.1",
      "resolved": "https://registry.npm.taobao.org/object-assign/download/object-assign-4.1.1.tgz?cache=0&other_urls=https%3A%2F%2Fregistry.npm.taobao.org%2Fobject-assign%2Fdownload%2Fobject-assign-4.1.1.tgz",
      "integrity": "sha1-IQmtx5ZYh8/AXLvUQsrIv7s2CGM="
    },
    "performance-now": {
      "version": "2.1.0",
      "resolved": "https://registry.npm.taobao.org/performance-now/download/performance-now-2.1.0.tgz",
      "integrity": "sha1-Ywn04OX6kT7BxpMHrjZLSzd8nns="
    },
    "raf": {
      "version": "3.4.1",
      "resolved": "https://registry.npm.taobao.org/raf/download/raf-3.4.1.tgz",
      "integrity": "sha1-B0LpmkplUvRF1z4+4DKK8P8e3jk=",
      "requires": {
        "performance-now": "^2.1.0"
      }
    },
    "raphael": {
      "version": "2.3.0",
      "resolved": "https://registry.npmjs.org/raphael/-/raphael-2.3.0.tgz",
      "integrity": "sha512-w2yIenZAQnp257XUWGni4bLMVxpUpcIl7qgxEgDIXtmSypYtlNxfXWpOBxs7LBTps5sDwhRnrToJrMUrivqNTQ==",
      "requires": {
        "eve-raphael": "0.5.0"
      }
    },
    "rc-animate": {
      "version": "3.0.0",
      "resolved": "https://registry.npm.taobao.org/rc-animate/download/rc-animate-3.0.0.tgz?cache=0&sync_timestamp=1588844180454&other_urls=https%3A%2F%2Fregistry.npm.taobao.org%2Frc-animate%2Fdownload%2Frc-animate-3.0.0.tgz",
      "integrity": "sha1-921wURNrfWUPs9KTZqFg6Vo2nAo=",
      "requires": {
        "@ant-design/css-animation": "^1.7.2",
        "classnames": "^2.2.6",
        "raf": "^3.4.0",
        "rc-util": "^4.15.3"
      },
      "dependencies": {
        "classnames": {
          "version": "2.2.6",
          "resolved": "https://registry.npm.taobao.org/classnames/download/classnames-2.2.6.tgz",
          "integrity": "sha1-Q5Nb/90pHzJtrQogUwmzjQD2UM4="
        }
      }
    },
    "rc-tree": {
      "version": "3.2.2",
      "resolved": "https://registry.npm.taobao.org/rc-tree/download/rc-tree-3.2.2.tgz",
      "integrity": "sha1-mCLEkpVwFWohcAN6T66wEMrhBwI=",
      "requires": {
        "classnames": "2.x",
        "rc-animate": "^3.0.0",
        "rc-util": "^4.11.0",
        "rc-virtual-list": "^1.1.0"
      },
      "dependencies": {
        "classnames": {
          "version": "2.2.6",
          "resolved": "https://registry.npm.taobao.org/classnames/download/classnames-2.2.6.tgz",
          "integrity": "sha1-Q5Nb/90pHzJtrQogUwmzjQD2UM4="
        }
      }
    },
    "rc-util": {
      "version": "4.20.7",
      "resolved": "https://registry.npm.taobao.org/rc-util/download/rc-util-4.20.7.tgz",
      "integrity": "sha1-jBnzpIl0TsAMmHH/43Ac23/0o44=",
      "requires": {
        "add-dom-event-listener": "^1.1.0",
        "prop-types": "^15.5.10",
        "react-is": "^16.12.0",
        "react-lifecycles-compat": "^3.0.4",
        "shallowequal": "^1.1.0"
      },
      "dependencies": {
        "prop-types": {
          "version": "15.7.2",
          "resolved": "https://registry.npm.taobao.org/prop-types/download/prop-types-15.7.2.tgz",
          "integrity": "sha1-UsQedbjIfnK52TYOAga5ncv/psU=",
          "requires": {
            "loose-envify": "^1.4.0",
            "object-assign": "^4.1.1",
            "react-is": "^16.8.1"
          }
        }
      }
    },
    "rc-virtual-list": {
      "version": "1.1.3",
      "resolved": "https://registry.npm.taobao.org/rc-virtual-list/download/rc-virtual-list-1.1.3.tgz",
      "integrity": "sha1-S1nR9yfzui3EzOoh8+kqXgI8EaA=",
      "requires": {
        "classnames": "^2.2.6",
        "raf": "^3.4.1",
        "rc-util": "^4.8.0"
      },
      "dependencies": {
        "classnames": {
          "version": "2.2.6",
          "resolved": "https://registry.npm.taobao.org/classnames/download/classnames-2.2.6.tgz",
          "integrity": "sha1-Q5Nb/90pHzJtrQogUwmzjQD2UM4="
        }
      }
    },
    "react-is": {
      "version": "16.13.1",
      "resolved": "https://registry.npm.taobao.org/react-is/download/react-is-16.13.1.tgz",
      "integrity": "sha1-eJcppNw23imZ3BVt1sHZwYzqVqQ="
    },
    "react-lifecycles-compat": {
      "version": "3.0.4",
      "resolved": "https://registry.npm.taobao.org/react-lifecycles-compat/download/react-lifecycles-compat-3.0.4.tgz",
      "integrity": "sha1-TxonOv38jzSIqMUWv9p4+HI1I2I="
    },
    "selianize": {
      "version": "3.17.0",
      "resolved": "https://registry.npm.taobao.org/selianize/download/selianize-3.17.0.tgz",
      "integrity": "sha1-Dvdo0iaxbWGbVL21WUUDIIMBQdw=",
      "requires": {
        "@seleniumhq/side-model": "^3.17.0",
        "@seleniumhq/side-utils": "^3.17.0"
      },
      "dependencies": {
        "@seleniumhq/side-model": {
          "version": "3.17.0",
          "resolved": "https://registry.npmjs.org/@seleniumhq/side-model/-/side-model-3.17.0.tgz",
          "integrity": "sha512-70BMsF8j/+GzsrGhRDO4KLuHQoyg+vapYZCY9z7O0jFtN3KvxG4Tr97dKmMSu9Tx/Z1zHjxEisicLGvC1hnjSw=="
        },
        "@seleniumhq/side-utils": {
          "version": "3.17.0",
          "resolved": "https://registry.npmjs.org/@seleniumhq/side-utils/-/side-utils-3.17.0.tgz",
          "integrity": "sha512-R2BsfIfx8URlFVv6JFNmYvjBvmi0M6spvTn19G3a68bpGjPWaXKi3ZWWV38TKxDQF7L5wfv75zMM1JOGNnHHuA==",
          "requires": {
            "@seleniumhq/side-model": "^3.17.0",
            "ua-parser-js": "^0.7.17"
          }
        },
        "ua-parser-js": {
          "version": "0.7.21",
          "resolved": "https://registry.npmjs.org/ua-parser-js/-/ua-parser-js-0.7.21.tgz",
          "integrity": "sha512-+O8/qh/Qj8CgC6eYBVBykMrNtp5Gebn4dlGD/kKXVkJNDwyrAwSIqwz8CDf+tsAIWVycKcku6gIXJ0qwx/ZXaQ=="
        }
      }
    },
    "shallowequal": {
      "version": "1.1.0",
      "resolved": "https://registry.npm.taobao.org/shallowequal/download/shallowequal-1.1.0.tgz",
      "integrity": "sha1-GI1SHelbkIdAT9TctosT3wrk5/g="
    }
  }
}
