{
  "name": "selenium-ide-extension",
  "version": "3.17.0",
  "lockfileVersion": 1,
  "requires": true,
  "dependencies": {
    "@seleniumhq/code-export": {
      "version": "3.17.0",
      "requires": {
        "@seleniumhq/code-export-csharp-nunit": "^3.17.0",
        "@seleniumhq/code-export-csharp-xunit": "^3.17.0",
        "@seleniumhq/code-export-java-junit": "^3.17.0",
        "@seleniumhq/code-export-javascript-mocha": "^3.17.0",
        "@seleniumhq/code-export-python-pytest": "^3.17.0",
        "@seleniumhq/code-export-ruby-rspec": "^3.17.0"
      }
    },
    "@seleniumhq/code-export-csharp-commons": {
      "version": "3.17.0",
      "resolved": "https://registry.npmjs.org/@seleniumhq/code-export-csharp-commons/-/code-export-csharp-commons-3.17.0.tgz",
      "integrity": "sha512-IKwt/LfvF4DaD7hdT9pHBKVOs5ahgOjVvWxqiWPf/vPa/V1xnTDJn008eylYNWhW6/0eWqS+KiH8G2W76/NXBw=="
    },
    "@seleniumhq/code-export-csharp-nunit": {
      "version": "3.17.0",
      "resolved": "https://registry.npmjs.org/@seleniumhq/code-export-csharp-nunit/-/code-export-csharp-nunit-3.17.0.tgz",
      "integrity": "sha512-bn2pL0lPjQhop9cneiGvPD4lxWv4lojkqniok18ee6R7O+94SNKKFVt3mFIGQi5SQpcjpN/iR8p3q8Tdc2U9FA==",
      "requires": {
        "@seleniumhq/code-export-csharp-commons": "^3.17.0",
        "@seleniumhq/side-utils": "^3.17.0"
      },
      "dependencies": {
        "@seleniumhq/side-model": {
          "version": "3.17.0",
          "resolved": "https://registry.npmjs.org/@seleniumhq/side-model/-/side-model-3.17.0.tgz",
          "integrity": "sha512-70BMsF8j/+GzsrGhRDO4KLuHQoyg+vapYZCY9z7O0jFtN3KvxG4Tr97dKmMSu9Tx/Z1zHjxEisicLGvC1hnjSw=="
        },
        "@seleniumhq/side-utils": {
          "version": "3.17.0",
          "resolved": "https://registry.npmjs.org/@seleniumhq/side-utils/-/side-utils-3.17.0.tgz",
          "integrity": "sha512-R2BsfIfx8URlFVv6JFNmYvjBvmi0M6spvTn19G3a68bpGjPWaXKi3ZWWV38TKxDQF7L5wfv75zMM1JOGNnHHuA==",
          "requires": {
            "@seleniumhq/side-model": "^3.17.0",
            "ua-parser-js": "^0.7.17"
          }
        },
        "ua-parser-js": {
          "version": "0.7.21",
          "resolved": "https://registry.npmjs.org/ua-parser-js/-/ua-parser-js-0.7.21.tgz",
          "integrity": "sha512-+O8/qh/Qj8CgC6eYBVBykMrNtp5Gebn4dlGD/kKXVkJNDwyrAwSIqwz8CDf+tsAIWVycKcku6gIXJ0qwx/ZXaQ=="
        }
      }
    },
    "@seleniumhq/code-export-csharp-xunit": {
      "version": "3.17.0",
      "resolved": "https://registry.npmjs.org/@seleniumhq/code-export-csharp-xunit/-/code-export-csharp-xunit-3.17.0.tgz",
      "integrity": "sha512-7sWJPjjWNn03nD0QjkbVHpm+qBXyZIrol08/9dzoet3I0R0JCWqu6crAVladEx/Br7BR1yTB/vcpo0nmC4WyyA==",
      "requires": {
        "@seleniumhq/code-export-csharp-commons": "^3.17.0",
        "@seleniumhq/side-utils": "^3.17.0"
      },
      "dependencies": {
        "@seleniumhq/side-model": {
          "version": "3.17.0",
          "resolved": "https://registry.npmjs.org/@seleniumhq/side-model/-/side-model-3.17.0.tgz",
          "integrity": "sha512-70BMsF8j/+GzsrGhRDO4KLuHQoyg+vapYZCY9z7O0jFtN3KvxG4Tr97dKmMSu9Tx/Z1zHjxEisicLGvC1hnjSw=="
        },
        "@seleniumhq/side-utils": {
          "version": "3.17.0",
          "resolved": "https://registry.npmjs.org/@seleniumhq/side-utils/-/side-utils-3.17.0.tgz",
          "integrity": "sha512-R2BsfIfx8URlFVv6JFNmYvjBvmi0M6spvTn19G3a68bpGjPWaXKi3ZWWV38TKxDQF7L5wfv75zMM1JOGNnHHuA==",
          "requires": {
            "@seleniumhq/side-model": "^3.17.0",
            "ua-parser-js": "^0.7.17"
          }
        },
        "ua-parser-js": {
          "version": "0.7.21",
          "resolved": "https://registry.npmjs.org/ua-parser-js/-/ua-parser-js-0.7.21.tgz",
          "integrity": "sha512-+O8/qh/Qj8CgC6eYBVBykMrNtp5Gebn4dlGD/kKXVkJNDwyrAwSIqwz8CDf+tsAIWVycKcku6gIXJ0qwx/ZXaQ=="
        }
      }
    },
    "@seleniumhq/code-export-java-junit": {
      "version": "3.17.0",
      "resolved": "https://registry.npmjs.org/@seleniumhq/code-export-java-junit/-/code-export-java-junit-3.17.0.tgz",
      "integrity": "sha512-KN5hiD8mcUxTs0CHmELJi4PXYMfrSWRLFWPxVOgZb1pg2i/CXme7yKyKAxm12tl0hKN6eu/U7Zp9roe/87/Ijg==",
      "requires": {
        "@seleniumhq/side-utils": "^3.17.0"
      },
      "dependencies": {
        "@seleniumhq/side-model": {
          "version": "3.17.0",
          "resolved": "https://registry.npmjs.org/@seleniumhq/side-model/-/side-model-3.17.0.tgz",
          "integrity": "sha512-70BMsF8j/+GzsrGhRDO4KLuHQoyg+vapYZCY9z7O0jFtN3KvxG4Tr97dKmMSu9Tx/Z1zHjxEisicLGvC1hnjSw=="
        },
        "@seleniumhq/side-utils": {
          "version": "3.17.0",
          "resolved": "https://registry.npmjs.org/@seleniumhq/side-utils/-/side-utils-3.17.0.tgz",
          "integrity": "sha512-R2BsfIfx8URlFVv6JFNmYvjBvmi0M6spvTn19G3a68bpGjPWaXKi3ZWWV38TKxDQF7L5wfv75zMM1JOGNnHHuA==",
          "requires": {
            "@seleniumhq/side-model": "^3.17.0",
            "ua-parser-js": "^0.7.17"
          }
        },
        "ua-parser-js": {
          "version": "0.7.21",
          "resolved": "https://registry.npmjs.org/ua-parser-js/-/ua-parser-js-0.7.21.tgz",
          "integrity": "sha512-+O8/qh/Qj8CgC6eYBVBykMrNtp5Gebn4dlGD/kKXVkJNDwyrAwSIqwz8CDf+tsAIWVycKcku6gIXJ0qwx/ZXaQ=="
        }
      }
    },
    "@seleniumhq/code-export-javascript-mocha": {
      "version": "3.17.0",
      "resolved": "https://registry.npmjs.org/@seleniumhq/code-export-javascript-mocha/-/code-export-javascript-mocha-3.17.0.tgz",
      "integrity": "sha512-Fm/7Xp8Zlj88ZPrUIUp++BdYpHukLy/czRO5bVoMzFDHiFXf1Zu+trF7a6vqcnqpOUidbv879+exDDH/8eaNXQ==",
      "requires": {
        "@seleniumhq/side-utils": "^3.17.0"
      },
      "dependencies": {
        "@seleniumhq/side-model": {
          "version": "3.17.0",
          "resolved": "https://registry.npmjs.org/@seleniumhq/side-model/-/side-model-3.17.0.tgz",
          "integrity": "sha512-70BMsF8j/+GzsrGhRDO4KLuHQoyg+vapYZCY9z7O0jFtN3KvxG4Tr97dKmMSu9Tx/Z1zHjxEisicLGvC1hnjSw=="
        },
        "@seleniumhq/side-utils": {
          "version": "3.17.0",
          "resolved": "https://registry.npmjs.org/@seleniumhq/side-utils/-/side-utils-3.17.0.tgz",
          "integrity": "sha512-R2BsfIfx8URlFVv6JFNmYvjBvmi0M6spvTn19G3a68bpGjPWaXKi3ZWWV38TKxDQF7L5wfv75zMM1JOGNnHHuA==",
          "requires": {
            "@seleniumhq/side-model": "^3.17.0",
            "ua-parser-js": "^0.7.17"
          }
        },
        "ua-parser-js": {
          "version": "0.7.21",
          "resolved": "https://registry.npmjs.org/ua-parser-js/-/ua-parser-js-0.7.21.tgz",
          "integrity": "sha512-+O8/qh/Qj8CgC6eYBVBykMrNtp5Gebn4dlGD/kKXVkJNDwyrAwSIqwz8CDf+tsAIWVycKcku6gIXJ0qwx/ZXaQ=="
        }
      }
    },
    "@seleniumhq/code-export-python-pytest": {
      "version": "3.17.0",
      "resolved": "https://registry.npmjs.org/@seleniumhq/code-export-python-pytest/-/code-export-python-pytest-3.17.0.tgz",
      "integrity": "sha512-tNDTwjs3G53bG9jk2psRI7xesW0CVz+40tdm4SMrfVHcNbe3KCV5QzAZsc5MElmntfLjzLNXWK5Rb4d3qa6c6Q==",
      "requires": {
        "@seleniumhq/side-utils": "^3.17.0"
      },
      "dependencies": {
        "@seleniumhq/side-model": {
          "version": "3.17.0",
          "resolved": "https://registry.npmjs.org/@seleniumhq/side-model/-/side-model-3.17.0.tgz",
          "integrity": "sha512-70BMsF8j/+GzsrGhRDO4KLuHQoyg+vapYZCY9z7O0jFtN3KvxG4Tr97dKmMSu9Tx/Z1zHjxEisicLGvC1hnjSw=="
        },
        "@seleniumhq/side-utils": {
          "version": "3.17.0",
          "resolved": "https://registry.npmjs.org/@seleniumhq/side-utils/-/side-utils-3.17.0.tgz",
          "integrity": "sha512-R2BsfIfx8URlFVv6JFNmYvjBvmi0M6spvTn19G3a68bpGjPWaXKi3ZWWV38TKxDQF7L5wfv75zMM1JOGNnHHuA==",
          "requires": {
            "@seleniumhq/side-model": "^3.17.0",
            "ua-parser-js": "^0.7.17"
          }
        },
        "ua-parser-js": {
          "version": "0.7.21",
          "resolved": "https://registry.npmjs.org/ua-parser-js/-/ua-parser-js-0.7.21.tgz",
          "integrity": "sha512-+O8/qh/Qj8CgC6eYBVBykMrNtp5Gebn4dlGD/kKXVkJNDwyrAwSIqwz8CDf+tsAIWVycKcku6gIXJ0qwx/ZXaQ=="
        }
      }
    },
    "@seleniumhq/code-export-ruby-rspec": {
      "version": "3.17.0",
      "resolved": "https://registry.npmjs.org/@seleniumhq/code-export-ruby-rspec/-/code-export-ruby-rspec-3.17.0.tgz",
      "integrity": "sha512-xj38+z9wnI3WY7qMGHGGK5sDwHw1jzYBJGe/yRXDmx7zqqlwcCPzUG4/oHPB2KFcqBnbbxME5NUOrBqM3OKy0A==",
      "requires": {
        "@seleniumhq/side-utils": "^3.17.0"
      },
      "dependencies": {
        "@seleniumhq/side-model": {
          "version": "3.17.0",
          "resolved": "https://registry.npmjs.org/@seleniumhq/side-model/-/side-model-3.17.0.tgz",
          "integrity": "sha512-70BMsF8j/+GzsrGhRDO4KLuHQoyg+vapYZCY9z7O0jFtN3KvxG4Tr97dKmMSu9Tx/Z1zHjxEisicLGvC1hnjSw=="
        },
        "@seleniumhq/side-utils": {
          "version": "3.17.0",
          "resolved": "https://registry.npmjs.org/@seleniumhq/side-utils/-/side-utils-3.17.0.tgz",
          "integrity": "sha512-R2BsfIfx8URlFVv6JFNmYvjBvmi0M6spvTn19G3a68bpGjPWaXKi3ZWWV38TKxDQF7L5wfv75zMM1JOGNnHHuA==",
          "requires": {
            "@seleniumhq/side-model": "^3.17.0",
            "ua-parser-js": "^0.7.17"
          }
        },
        "ua-parser-js": {
          "version": "0.7.21",
          "resolved": "https://registry.npmjs.org/ua-parser-js/-/ua-parser-js-0.7.21.tgz",
          "integrity": "sha512-+O8/qh/Qj8CgC6eYBVBykMrNtp5Gebn4dlGD/kKXVkJNDwyrAwSIqwz8CDf+tsAIWVycKcku6gIXJ0qwx/ZXaQ=="
        }
      }
    },
    "eve-raphael": {
      "version": "0.5.0",
      "resolved": "https://registry.npmjs.org/eve-raphael/-/eve-raphael-0.5.0.tgz",
      "integrity": "sha1-F8dUt5K+7z+maE15z1pHxjxM2jA="
    },
    "raphael": {
      "version": "2.3.0",
      "resolved": "https://registry.npmjs.org/raphael/-/raphael-2.3.0.tgz",
      "integrity": "sha512-w2yIenZAQnp257XUWGni4bLMVxpUpcIl7qgxEgDIXtmSypYtlNxfXWpOBxs7LBTps5sDwhRnrToJrMUrivqNTQ==",
      "requires": {
        "eve-raphael": "0.5.0"
      }
    },
    "selianize": {
      "version": "3.17.0",
      "requires": {
        "@seleniumhq/side-model": "^3.17.0",
        "@seleniumhq/side-utils": "^3.17.0"
      },
      "dependencies": {
        "@seleniumhq/side-model": {
          "version": "3.17.0",
          "resolved": "https://registry.npmjs.org/@seleniumhq/side-model/-/side-model-3.17.0.tgz",
          "integrity": "sha512-70BMsF8j/+GzsrGhRDO4KLuHQoyg+vapYZCY9z7O0jFtN3KvxG4Tr97dKmMSu9Tx/Z1zHjxEisicLGvC1hnjSw=="
        },
        "@seleniumhq/side-utils": {
          "version": "3.17.0",
          "resolved": "https://registry.npmjs.org/@seleniumhq/side-utils/-/side-utils-3.17.0.tgz",
          "integrity": "sha512-R2BsfIfx8URlFVv6JFNmYvjBvmi0M6spvTn19G3a68bpGjPWaXKi3ZWWV38TKxDQF7L5wfv75zMM1JOGNnHHuA==",
          "requires": {
            "@seleniumhq/side-model": "^3.17.0",
            "ua-parser-js": "^0.7.17"
          }
        },
        "ua-parser-js": {
          "version": "0.7.21",
          "resolved": "https://registry.npmjs.org/ua-parser-js/-/ua-parser-js-0.7.21.tgz",
          "integrity": "sha512-+O8/qh/Qj8CgC6eYBVBykMrNtp5Gebn4dlGD/kKXVkJNDwyrAwSIqwz8CDf+tsAIWVycKcku6gIXJ0qwx/ZXaQ=="
        }
      }
    }
  }
}
